// !$*UTF8*$!
{
	archiveVersion = 1;
	classes = {
	};
	objectVersion = 46;
	objects = {

/* Begin PBXBuildFile section */
		97A25D3B1B807907009F0B52 /* main.m in Sources */ = {isa = PBXBuildFile; fileRef = 97A25D3A1B807907009F0B52 /* main.m */; };
		97A25D3E1B807907009F0B52 /* AppDelegate.m in Sources */ = {isa = PBXBuildFile; fileRef = 97A25D3D1B807907009F0B52 /* AppDelegate.m */; };
		97A25D411B807907009F0B52 /* ViewController.m in Sources */ = {isa = PBXBuildFile; fileRef = 97A25D401B807907009F0B52 /* ViewController.m */; };
		97A25D441B807907009F0B52 /* Main.storyboard in Resources */ = {isa = PBXBuildFile; fileRef = 97A25D421B807907009F0B52 /* Main.storyboard */; };
		97A25D461B807907009F0B52 /* Images.xcassets in Resources */ = {isa = PBXBuildFile; fileRef = 97A25D451B807907009F0B52 /* Images.xcassets */; };
		97A25D491B807907009F0B52 /* LaunchScreen.xib in Resources */ = {isa = PBXBuildFile; fileRef = 97A25D471B807907009F0B52 /* LaunchScreen.xib */; };
		97A25D551B807907009F0B52 /* GridStyleWebPhotoBrowserTests.m in Sources */ = {isa = PBXBuildFile; fileRef = 97A25D541B807907009F0B52 /* GridStyleWebPhotoBrowserTests.m */; };
		97A25D631B8079E6009F0B52 /* PhotoGridViewBrowser.m in Sources */ = {isa = PBXBuildFile; fileRef = 97A25D621B8079E6009F0B52 /* PhotoGridViewBrowser.m */; };
		97A25D861B807B98009F0B52 /* NSData+ImageContentType.m in Sources */ = {isa = PBXBuildFile; fileRef = 97A25D691B807B98009F0B52 /* NSData+ImageContentType.m */; };
		97A25D871B807B98009F0B52 /* SDImageCache.m in Sources */ = {isa = PBXBuildFile; fileRef = 97A25D6B1B807B98009F0B52 /* SDImageCache.m */; };
		97A25D881B807B98009F0B52 /* SDWebImageCompat.m in Sources */ = {isa = PBXBuildFile; fileRef = 97A25D6D1B807B98009F0B52 /* SDWebImageCompat.m */; };
		97A25D891B807B98009F0B52 /* SDWebImageDecoder.m in Sources */ = {isa = PBXBuildFile; fileRef = 97A25D6F1B807B98009F0B52 /* SDWebImageDecoder.m */; };
		97A25D8A1B807B98009F0B52 /* SDWebImageDownloader.m in Sources */ = {isa = PBXBuildFile; fileRef = 97A25D711B807B98009F0B52 /* SDWebImageDownloader.m */; };
		97A25D8B1B807B98009F0B52 /* SDWebImageDownloaderOperation.m in Sources */ = {isa = PBXBuildFile; fileRef = 97A25D731B807B98009F0B52 /* SDWebImageDownloaderOperation.m */; };
		97A25D8C1B807B98009F0B52 /* SDWebImageManager.m in Sources */ = {isa = PBXBuildFile; fileRef = 97A25D751B807B98009F0B52 /* SDWebImageManager.m */; };
		97A25D8D1B807B98009F0B52 /* SDWebImagePrefetcher.m in Sources */ = {isa = PBXBuildFile; fileRef = 97A25D781B807B98009F0B52 /* SDWebImagePrefetcher.m */; };
		97A25D8E1B807B98009F0B52 /* UIButton+WebCache.m in Sources */ = {isa = PBXBuildFile; fileRef = 97A25D7A1B807B98009F0B52 /* UIButton+WebCache.m */; };
		97A25D8F1B807B98009F0B52 /* UIImage+GIF.m in Sources */ = {isa = PBXBuildFile; fileRef = 97A25D7C1B807B98009F0B52 /* UIImage+GIF.m */; };
		97A25D901B807B98009F0B52 /* UIImage+MultiFormat.m in Sources */ = {isa = PBXBuildFile; fileRef = 97A25D7E1B807B98009F0B52 /* UIImage+MultiFormat.m */; };
		97A25D911B807B98009F0B52 /* UIImageView+HighlightedWebCache.m in Sources */ = {isa = PBXBuildFile; fileRef = 97A25D801B807B98009F0B52 /* UIImageView+HighlightedWebCache.m */; };
		97A25D921B807B98009F0B52 /* UIImageView+WebCache.m in Sources */ = {isa = PBXBuildFile; fileRef = 97A25D821B807B98009F0B52 /* UIImageView+WebCache.m */; };
		97A25D931B807B98009F0B52 /* UIView+WebCacheOperation.m in Sources */ = {isa = PBXBuildFile; fileRef = 97A25D841B807B98009F0B52 /* UIView+WebCacheOperation.m */; };
		97A25D971B807C5E009F0B52 /* MHFacebookImageViewer.m in Sources */ = {isa = PBXBuildFile; fileRef = 97A25D961B807C5E009F0B52 /* MHFacebookImageViewer.m */; };
/* End PBXBuildFile section */

/* Begin PBXContainerItemProxy section */
		97A25D4F1B807907009F0B52 /* PBXContainerItemProxy */ = {
			isa = PBXContainerItemProxy;
			containerPortal = 97A25D2D1B807907009F0B52 /* Project object */;
			proxyType = 1;
			remoteGlobalIDString = 97A25D341B807907009F0B52;
			remoteInfo = GridStyleWebPhotoBrowser;
		};
/* End PBXContainerItemProxy section */

/* Begin PBXFileReference section */
		97A25D351B807907009F0B52 /* GridStyleWebPhotoBrowser.app */ = {isa = PBXFileReference; explicitFileType = wrapper.application; includeInIndex = 0; path = GridStyleWebPhotoBrowser.app; sourceTree = BUILT_PRODUCTS_DIR; };
		97A25D391B807907009F0B52 /* Info.plist */ = {isa = PBXFileReference; lastKnownFileType = text.plist.xml; path = Info.plist; sourceTree = "<group>"; };
		97A25D3A1B807907009F0B52 /* main.m */ = {isa = PBXFileReference; lastKnownFileType = sourcecode.c.objc; path = main.m; sourceTree = "<group>"; };
		97A25D3C1B807907009F0B52 /* AppDelegate.h */ = {isa = PBXFileReference; lastKnownFileType = sourcecode.c.h; path = AppDelegate.h; sourceTree = "<group>"; };
		97A25D3D1B807907009F0B52 /* AppDelegate.m */ = {isa = PBXFileReference; lastKnownFileType = sourcecode.c.objc; path = AppDelegate.m; sourceTree = "<group>"; };
		97A25D3F1B807907009F0B52 /* ViewController.h */ = {isa = PBXFileReference; lastKnownFileType = sourcecode.c.h; path = ViewController.h; sourceTree = "<group>"; };
		97A25D401B807907009F0B52 /* ViewController.m */ = {isa = PBXFileReference; lastKnownFileType = sourcecode.c.objc; path = ViewController.m; sourceTree = "<group>"; };
		97A25D431B807907009F0B52 /* Base */ = {isa = PBXFileReference; lastKnownFileType = file.storyboard; name = Base; path = Base.lproj/Main.storyboard; sourceTree = "<group>"; };
		97A25D451B807907009F0B52 /* Images.xcassets */ = {isa = PBXFileReference; lastKnownFileType = folder.assetcatalog; path = Images.xcassets; sourceTree = "<group>"; };
		97A25D481B807907009F0B52 /* Base */ = {isa = PBXFileReference; lastKnownFileType = file.xib; name = Base; path = Base.lproj/LaunchScreen.xib; sourceTree = "<group>"; };
		97A25D4E1B807907009F0B52 /* GridStyleWebPhotoBrowserTests.xctest */ = {isa = PBXFileReference; explicitFileType = wrapper.cfbundle; includeInIndex = 0; path = GridStyleWebPhotoBrowserTests.xctest; sourceTree = BUILT_PRODUCTS_DIR; };
		97A25D531B807907009F0B52 /* Info.plist */ = {isa = PBXFileReference; lastKnownFileType = text.plist.xml; path = Info.plist; sourceTree = "<group>"; };
		97A25D541B807907009F0B52 /* GridStyleWebPhotoBrowserTests.m */ = {isa = PBXFileReference; lastKnownFileType = sourcecode.c.objc; path = GridStyleWebPhotoBrowserTests.m; sourceTree = "<group>"; };
		97A25D611B8079E6009F0B52 /* PhotoGridViewBrowser.h */ = {isa = PBXFileReference; fileEncoding = 4; lastKnownFileType = sourcecode.c.h; path = PhotoGridViewBrowser.h; sourceTree = "<group>"; };
		97A25D621B8079E6009F0B52 /* PhotoGridViewBrowser.m */ = {isa = PBXFileReference; fileEncoding = 4; lastKnownFileType = sourcecode.c.objc; path = PhotoGridViewBrowser.m; sourceTree = "<group>"; };
		97A25D681B807B98009F0B52 /* NSData+ImageContentType.h */ = {isa = PBXFileReference; fileEncoding = 4; lastKnownFileType = sourcecode.c.h; path = "NSData+ImageContentType.h"; sourceTree = "<group>"; };
		97A25D691B807B98009F0B52 /* NSData+ImageContentType.m */ = {isa = PBXFileReference; fileEncoding = 4; lastKnownFileType = sourcecode.c.objc; path = "NSData+ImageContentType.m"; sourceTree = "<group>"; };
		97A25D6A1B807B98009F0B52 /* SDImageCache.h */ = {isa = PBXFileReference; fileEncoding = 4; lastKnownFileType = sourcecode.c.h; path = SDImageCache.h; sourceTree = "<group>"; };
		97A25D6B1B807B98009F0B52 /* SDImageCache.m */ = {isa = PBXFileReference; fileEncoding = 4; lastKnownFileType = sourcecode.c.objc; path = SDImageCache.m; sourceTree = "<group>"; };
		97A25D6C1B807B98009F0B52 /* SDWebImageCompat.h */ = {isa = PBXFileReference; fileEncoding = 4; lastKnownFileType = sourcecode.c.h; path = SDWebImageCompat.h; sourceTree = "<group>"; };
		97A25D6D1B807B98009F0B52 /* SDWebImageCompat.m */ = {isa = PBXFileReference; fileEncoding = 4; lastKnownFileType = sourcecode.c.objc; path = SDWebImageCompat.m; sourceTree = "<group>"; };
		97A25D6E1B807B98009F0B52 /* SDWebImageDecoder.h */ = {isa = PBXFileReference; fileEncoding = 4; lastKnownFileType = sourcecode.c.h; path = SDWebImageDecoder.h; sourceTree = "<group>"; };
		97A25D6F1B807B98009F0B52 /* SDWebImageDecoder.m */ = {isa = PBXFileReference; fileEncoding = 4; lastKnownFileType = sourcecode.c.objc; path = SDWebImageDecoder.m; sourceTree = "<group>"; };
		97A25D701B807B98009F0B52 /* SDWebImageDownloader.h */ = {isa = PBXFileReference; fileEncoding = 4; lastKnownFileType = sourcecode.c.h; path = SDWebImageDownloader.h; sourceTree = "<group>"; };
		97A25D711B807B98009F0B52 /* SDWebImageDownloader.m */ = {isa = PBXFileReference; fileEncoding = 4; lastKnownFileType = sourcecode.c.objc; path = SDWebImageDownloader.m; sourceTree = "<group>"; };
		97A25D721B807B98009F0B52 /* SDWebImageDownloaderOperation.h */ = {isa = PBXFileReference; fileEncoding = 4; lastKnownFileType = sourcecode.c.h; path = SDWebImageDownloaderOperation.h; sourceTree = "<group>"; };
		97A25D731B807B98009F0B52 /* SDWebImageDownloaderOperation.m */ = {isa = PBXFileReference; fileEncoding = 4; lastKnownFileType = sourcecode.c.objc; path = SDWebImageDownloaderOperation.m; sourceTree = "<group>"; };
		97A25D741B807B98009F0B52 /* SDWebImageManager.h */ = {isa = PBXFileReference; fileEncoding = 4; lastKnownFileType = sourcecode.c.h; path = SDWebImageManager.h; sourceTree = "<group>"; };
		97A25D751B807B98009F0B52 /* SDWebImageManager.m */ = {isa = PBXFileReference; fileEncoding = 4; lastKnownFileType = sourcecode.c.objc; path = SDWebImageManager.m; sourceTree = "<group>"; };
		97A25D761B807B98009F0B52 /* SDWebImageOperation.h */ = {isa = PBXFileReference; fileEncoding = 4; lastKnownFileType = sourcecode.c.h; path = SDWebImageOperation.h; sourceTree = "<group>"; };
		97A25D771B807B98009F0B52 /* SDWebImagePrefetcher.h */ = {isa = PBXFileReference; fileEncoding = 4; lastKnownFileType = sourcecode.c.h; path = SDWebImagePrefetcher.h; sourceTree = "<group>"; };
		97A25D781B807B98009F0B52 /* SDWebImagePrefetcher.m */ = {isa = PBXFileReference; fileEncoding = 4; lastKnownFileType = sourcecode.c.objc; path = SDWebImagePrefetcher.m; sourceTree = "<group>"; };
		97A25D791B807B98009F0B52 /* UIButton+WebCache.h */ = {isa = PBXFileReference; fileEncoding = 4; lastKnownFileType = sourcecode.c.h; path = "UIButton+WebCache.h"; sourceTree = "<group>"; };
		97A25D7A1B807B98009F0B52 /* UIButton+WebCache.m */ = {isa = PBXFileReference; fileEncoding = 4; lastKnownFileType = sourcecode.c.objc; path = "UIButton+WebCache.m"; sourceTree = "<group>"; };
		97A25D7B1B807B98009F0B52 /* UIImage+GIF.h */ = {isa = PBXFileReference; fileEncoding = 4; lastKnownFileType = sourcecode.c.h; path = "UIImage+GIF.h"; sourceTree = "<group>"; };
		97A25D7C1B807B98009F0B52 /* UIImage+GIF.m */ = {isa = PBXFileReference; fileEncoding = 4; lastKnownFileType = sourcecode.c.objc; path = "UIImage+GIF.m"; sourceTree = "<group>"; };
		97A25D7D1B807B98009F0B52 /* UIImage+MultiFormat.h */ = {isa = PBXFileReference; fileEncoding = 4; lastKnownFileType = sourcecode.c.h; path = "UIImage+MultiFormat.h"; sourceTree = "<group>"; };
		97A25D7E1B807B98009F0B52 /* UIImage+MultiFormat.m */ = {isa = PBXFileReference; fileEncoding = 4; lastKnownFileType = sourcecode.c.objc; path = "UIImage+MultiFormat.m"; sourceTree = "<group>"; };
		97A25D7F1B807B98009F0B52 /* UIImageView+HighlightedWebCache.h */ = {isa = PBXFileReference; fileEncoding = 4; lastKnownFileType = sourcecode.c.h; path = "UIImageView+HighlightedWebCache.h"; sourceTree = "<group>"; };
		97A25D801B807B98009F0B52 /* UIImageView+HighlightedWebCache.m */ = {isa = PBXFileReference; fileEncoding = 4; lastKnownFileType = sourcecode.c.objc; path = "UIImageView+HighlightedWebCache.m"; sourceTree = "<group>"; };
		97A25D811B807B98009F0B52 /* UIImageView+WebCache.h */ = {isa = PBXFileReference; fileEncoding = 4; lastKnownFileType = sourcecode.c.h; path = "UIImageView+WebCache.h"; sourceTree = "<group>"; };
		97A25D821B807B98009F0B52 /* UIImageView+WebCache.m */ = {isa = PBXFileReference; fileEncoding = 4; lastKnownFileType = sourcecode.c.objc; path = "UIImageView+WebCache.m"; sourceTree = "<group>"; };
		97A25D831B807B98009F0B52 /* UIView+WebCacheOperation.h */ = {isa = PBXFileReference; fileEncoding = 4; lastKnownFileType = sourcecode.c.h; path = "UIView+WebCacheOperation.h"; sourceTree = "<group>"; };
		97A25D841B807B98009F0B52 /* UIView+WebCacheOperation.m */ = {isa = PBXFileReference; fileEncoding = 4; lastKnownFileType = sourcecode.c.objc; path = "UIView+WebCacheOperation.m"; sourceTree = "<group>"; };
		97A25D951B807C5E009F0B52 /* MHFacebookImageViewer.h */ = {isa = PBXFileReference; fileEncoding = 4; lastKnownFileType = sourcecode.c.h; path = MHFacebookImageViewer.h; sourceTree = "<group>"; };
		97A25D961B807C5E009F0B52 /* MHFacebookImageViewer.m */ = {isa = PBXFileReference; fileEncoding = 4; lastKnownFileType = sourcecode.c.objc; path = MHFacebookImageViewer.m; sourceTree = "<group>"; };
/* End PBXFileReference section */

/* Begin PBXFrameworksBuildPhase section */
		97A25D321B807907009F0B52 /* Frameworks */ = {
			isa = PBXFrameworksBuildPhase;
			buildActionMask = 2147483647;
			files = (
			);
			runOnlyForDeploymentPostprocessing = 0;
		};
		97A25D4B1B807907009F0B52 /* Frameworks */ = {
			isa = PBXFrameworksBuildPhase;
			buildActionMask = 2147483647;
			files = (
			);
			runOnlyForDeploymentPostprocessing = 0;
		};
/* End PBXFrameworksBuildPhase section */

/* Begin PBXGroup section */
		97A25D2C1B807907009F0B52 = {
			isa = PBXGroup;
			children = (
				97A25D371B807907009F0B52 /* GridStyleWebPhotoBrowser */,
				97A25D511B807907009F0B52 /* GridStyleWebPhotoBrowserTests */,
				97A25D361B807907009F0B52 /* Products */,
			);
			sourceTree = "<group>";
		};
		97A25D361B807907009F0B52 /* Products */ = {
			isa = PBXGroup;
			children = (
				97A25D351B807907009F0B52 /* GridStyleWebPhotoBrowser.app */,
				97A25D4E1B807907009F0B52 /* GridStyleWebPhotoBrowserTests.xctest */,
			);
			name = Products;
			sourceTree = "<group>";
		};
		97A25D371B807907009F0B52 /* GridStyleWebPhotoBrowser */ = {
			isa = PBXGroup;
			children = (
				97A25D601B807991009F0B52 /* PhotoBrowser */,
				97A25D5E1B80795C009F0B52 /* Vendor */,
				97A25D3C1B807907009F0B52 /* AppDelegate.h */,
				97A25D3D1B807907009F0B52 /* AppDelegate.m */,
				97A25D3F1B807907009F0B52 /* ViewController.h */,
				97A25D401B807907009F0B52 /* ViewController.m */,
				97A25D421B807907009F0B52 /* Main.storyboard */,
				97A25D451B807907009F0B52 /* Images.xcassets */,
				97A25D471B807907009F0B52 /* LaunchScreen.xib */,
				97A25D381B807907009F0B52 /* Supporting Files */,
			);
			path = GridStyleWebPhotoBrowser;
			sourceTree = "<group>";
		};
		97A25D381B807907009F0B52 /* Supporting Files */ = {
			isa = PBXGroup;
			children = (
				97A25D391B807907009F0B52 /* Info.plist */,
				97A25D3A1B807907009F0B52 /* main.m */,
			);
			name = "Supporting Files";
			sourceTree = "<group>";
		};
		97A25D511B807907009F0B52 /* GridStyleWebPhotoBrowserTests */ = {
			isa = PBXGroup;
			children = (
				97A25D541B807907009F0B52 /* GridStyleWebPhotoBrowserTests.m */,
				97A25D521B807907009F0B52 /* Supporting Files */,
			);
			path = GridStyleWebPhotoBrowserTests;
			sourceTree = "<group>";
		};
		97A25D521B807907009F0B52 /* Supporting Files */ = {
			isa = PBXGroup;
			children = (
				97A25D531B807907009F0B52 /* Info.plist */,
			);
			name = "Supporting Files";
			sourceTree = "<group>";
		};
		97A25D5E1B80795C009F0B52 /* Vendor */ = {
			isa = PBXGroup;
			children = (
				97A25D941B807C3E009F0B52 /* MHFBImageViewController */,
				97A25D671B807B98009F0B52 /* SDWebImage */,
			);
			name = Vendor;
			sourceTree = "<group>";
		};
		97A25D601B807991009F0B52 /* PhotoBrowser */ = {
			isa = PBXGroup;
			children = (
				97A25D611B8079E6009F0B52 /* PhotoGridViewBrowser.h */,
				97A25D621B8079E6009F0B52 /* PhotoGridViewBrowser.m */,
			);
			name = PhotoBrowser;
			sourceTree = "<group>";
		};
		97A25D671B807B98009F0B52 /* SDWebImage */ = {
			isa = PBXGroup;
			children = (
				97A25D681B807B98009F0B52 /* NSData+ImageContentType.h */,
				97A25D691B807B98009F0B52 /* NSData+ImageContentType.m */,
				97A25D6A1B807B98009F0B52 /* SDImageCache.h */,
				97A25D6B1B807B98009F0B52 /* SDImageCache.m */,
				97A25D6C1B807B98009F0B52 /* SDWebImageCompat.h */,
				97A25D6D1B807B98009F0B52 /* SDWebImageCompat.m */,
				97A25D6E1B807B98009F0B52 /* SDWebImageDecoder.h */,
				97A25D6F1B807B98009F0B52 /* SDWebImageDecoder.m */,
				97A25D701B807B98009F0B52 /* SDWebImageDownloader.h */,
				97A25D711B807B98009F0B52 /* SDWebImageDownloader.m */,
				97A25D721B807B98009F0B52 /* SDWebImageDownloaderOperation.h */,
				97A25D731B807B98009F0B52 /* SDWebImageDownloaderOperation.m */,
				97A25D741B807B98009F0B52 /* SDWebImageManager.h */,
				97A25D751B807B98009F0B52 /* SDWebImageManager.m */,
				97A25D761B807B98009F0B52 /* SDWebImageOperation.h */,
				97A25D771B807B98009F0B52 /* SDWebImagePrefetcher.h */,
				97A25D781B807B98009F0B52 /* SDWebImagePrefetcher.m */,
				97A25D791B807B98009F0B52 /* UIButton+WebCache.h */,
				97A25D7A1B807B98009F0B52 /* UIButton+WebCache.m */,
				97A25D7B1B807B98009F0B52 /* UIImage+GIF.h */,
				97A25D7C1B807B98009F0B52 /* UIImage+GIF.m */,
				97A25D7D1B807B98009F0B52 /* UIImage+MultiFormat.h */,
				97A25D7E1B807B98009F0B52 /* UIImage+MultiFormat.m */,
				97A25D7F1B807B98009F0B52 /* UIImageView+HighlightedWebCache.h */,
				97A25D801B807B98009F0B52 /* UIImageView+HighlightedWebCache.m */,
				97A25D811B807B98009F0B52 /* UIImageView+WebCache.h */,
				97A25D821B807B98009F0B52 /* UIImageView+WebCache.m */,
				97A25D831B807B98009F0B52 /* UIView+WebCacheOperation.h */,
				97A25D841B807B98009F0B52 /* UIView+WebCacheOperation.m */,
			);
			path = SDWebImage;
			sourceTree = "<group>";
		};
		97A25D941B807C3E009F0B52 /* MHFBImageViewController */ = {
			isa = PBXGroup;
			children = (
				97A25D951B807C5E009F0B52 /* MHFacebookImageViewer.h */,
				97A25D961B807C5E009F0B52 /* MHFacebookImageViewer.m */,
			);
			name = MHFBImageViewController;
			sourceTree = "<group>";
		};
/* End PBXGroup section */

/* Begin PBXNativeTarget section */
		97A25D341B807907009F0B52 /* GridStyleWebPhotoBrowser */ = {
			isa = PBXNativeTarget;
			buildConfigurationList = 97A25D581B807907009F0B52 /* Build configuration list for PBXNativeTarget "GridStyleWebPhotoBrowser" */;
			buildPhases = (
				97A25D311B807907009F0B52 /* Sources */,
				97A25D321B807907009F0B52 /* Frameworks */,
				97A25D331B807907009F0B52 /* Resources */,
			);
			buildRules = (
			);
			dependencies = (
			);
			name = GridStyleWebPhotoBrowser;
			productName = GridStyleWebPhotoBrowser;
			productReference = 97A25D351B807907009F0B52 /* GridStyleWebPhotoBrowser.app */;
			productType = "com.apple.product-type.application";
		};
		97A25D4D1B807907009F0B52 /* GridStyleWebPhotoBrowserTests */ = {
			isa = PBXNativeTarget;
			buildConfigurationList = 97A25D5B1B807907009F0B52 /* Build configuration list for PBXNativeTarget "GridStyleWebPhotoBrowserTests" */;
			buildPhases = (
				97A25D4A1B807907009F0B52 /* Sources */,
				97A25D4B1B807907009F0B52 /* Frameworks */,
				97A25D4C1B807907009F0B52 /* Resources */,
			);
			buildRules = (
			);
			dependencies = (
				97A25D501B807907009F0B52 /* PBXTargetDependency */,
			);
			name = GridStyleWebPhotoBrowserTests;
			productName = GridStyleWebPhotoBrowserTests;
			productReference = 97A25D4E1B807907009F0B52 /* GridStyleWebPhotoBrowserTests.xctest */;
			productType = "com.apple.product-type.bundle.unit-test";
		};
/* End PBXNativeTarget section */

/* Begin PBXProject section */
		97A25D2D1B807907009F0B52 /* Project object */ = {
			isa = PBXProject;
			attributes = {
				LastUpgradeCheck = 0640;
				ORGANIZATIONNAME = howeguo.com;
				TargetAttributes = {
					97A25D341B807907009F0B52 = {
						CreatedOnToolsVersion = 6.4;
					};
					97A25D4D1B807907009F0B52 = {
						CreatedOnToolsVersion = 6.4;
						TestTargetID = 97A25D341B807907009F0B52;
					};
				};
			};
			buildConfigurationList = 97A25D301B807907009F0B52 /* Build configuration list for PBXProject "GridStyleWebPhotoBrowser" */;
			compatibilityVersion = "Xcode 3.2";
			developmentRegion = English;
			hasScannedForEncodings = 0;
			knownRegions = (
				en,
				Base,
			);
			mainGroup = 97A25D2C1B807907009F0B52;
			productRefGroup = 97A25D361B807907009F0B52 /* Products */;
			projectDirPath = "";
			projectRoot = "";
			targets = (
				97A25D341B807907009F0B52 /* GridStyleWebPhotoBrowser */,
				97A25D4D1B807907009F0B52 /* GridStyleWebPhotoBrowserTests */,
			);
		};
/* End PBXProject section */

/* Begin PBXResourcesBuildPhase section */
		97A25D331B807907009F0B52 /* Resources */ = {
			isa = PBXResourcesBuildPhase;
			buildActionMask = 2147483647;
			files = (
				97A25D441B807907009F0B52 /* Main.storyboard in Resources */,
				97A25D491B807907009F0B52 /* LaunchScreen.xib in Resources */,
				97A25D461B807907009F0B52 /* Images.xcassets in Resources */,
			);
			runOnlyForDeploymentPostprocessing = 0;
		};
		97A25D4C1B807907009F0B52 /* Resources */ = {
			isa = PBXResourcesBuildPhase;
			buildActionMask = 2147483647;
			files = (
			);
			runOnlyForDeploymentPostprocessing = 0;
		};
/* End PBXResourcesBuildPhase section */

/* Begin PBXSourcesBuildPhase section */
		97A25D311B807907009F0B52 /* Sources */ = {
			isa = PBXSourcesBuildPhase;
			buildActionMask = 2147483647;
			files = (
				97A25D911B807B98009F0B52 /* UIImageView+HighlightedWebCache.m in Sources */,
				97A25D901B807B98009F0B52 /* UIImage+MultiFormat.m in Sources */,
				97A25D8B1B807B98009F0B52 /* SDWebImageDownloaderOperation.m in Sources */,
				97A25D411B807907009F0B52 /* ViewController.m in Sources */,
				97A25D881B807B98009F0B52 /* SDWebImageCompat.m in Sources */,
				97A25D931B807B98009F0B52 /* UIView+WebCacheOperation.m in Sources */,
				97A25D8F1B807B98009F0B52 /* UIImage+GIF.m in Sources */,
				97A25D8D1B807B98009F0B52 /* SDWebImagePrefetcher.m in Sources */,
				97A25D631B8079E6009F0B52 /* PhotoGridViewBrowser.m in Sources */,
				97A25D8A1B807B98009F0B52 /* SDWebImageDownloader.m in Sources */,
				97A25D8E1B807B98009F0B52 /* UIButton+WebCache.m in Sources */,
				97A25D3E1B807907009F0B52 /* AppDelegate.m in Sources */,
				97A25D861B807B98009F0B52 /* NSData+ImageContentType.m in Sources */,
				97A25D3B1B807907009F0B52 /* main.m in Sources */,
				97A25D921B807B98009F0B52 /* UIImageView+WebCache.m in Sources */,
				97A25D8C1B807B98009F0B52 /* SDWebImageManager.m in Sources */,
				97A25D971B807C5E009F0B52 /* MHFacebookImageViewer.m in Sources */,
				97A25D891B807B98009F0B52 /* SDWebImageDecoder.m in Sources */,
				97A25D871B807B98009F0B52 /* SDImageCache.m in Sources */,
			);
			runOnlyForDeploymentPostprocessing = 0;
		};
		97A25D4A1B807907009F0B52 /* Sources */ = {
			isa = PBXSourcesBuildPhase;
			buildActionMask = 2147483647;
			files = (
				97A25D551B807907009F0B52 /* GridStyleWebPhotoBrowserTests.m in Sources */,
			);
			runOnlyForDeploymentPostprocessing = 0;
		};
/* End PBXSourcesBuildPhase section */

/* Begin PBXTargetDependency section */
		97A25D501B807907009F0B52 /* PBXTargetDependency */ = {
			isa = PBXTargetDependency;
			target = 97A25D341B807907009F0B52 /* GridStyleWebPhotoBrowser */;
			targetProxy = 97A25D4F1B807907009F0B52 /* PBXContainerItemProxy */;
		};
/* End PBXTargetDependency section */

/* Begin PBXVariantGroup section */
		97A25D421B807907009F0B52 /* Main.storyboard */ = {
			isa = PBXVariantGroup;
			children = (
				97A25D431B807907009F0B52 /* Base */,
			);
			name = Main.storyboard;
			sourceTree = "<group>";
		};
		97A25D471B807907009F0B52 /* LaunchScreen.xib */ = {
			isa = PBXVariantGroup;
			children = (
				97A25D481B807907009F0B52 /* Base */,
			);
			name = LaunchScreen.xib;
			sourceTree = "<group>";
		};
/* End PBXVariantGroup section */

/* Begin XCBuildConfiguration section */
		97A25D561B807907009F0B52 /* Debug */ = {
			isa = XCBuildConfiguration;
			buildSettings = {
				ALWAYS_SEARCH_USER_PATHS = NO;
				CLANG_CXX_LANGUAGE_STANDARD = "gnu++0x";
				CLANG_CXX_LIBRARY = "libc++";
				CLANG_ENABLE_MODULES = YES;
				CLANG_ENABLE_OBJC_ARC = YES;
				CLANG_WARN_BOOL_CONVERSION = YES;
				CLANG_WARN_CONSTANT_CONVERSION = YES;
				CLANG_WARN_DIRECT_OBJC_ISA_USAGE = YES_ERROR;
				CLANG_WARN_EMPTY_BODY = YES;
				CLANG_WARN_ENUM_CONVERSION = YES;
				CLANG_WARN_INT_CONVERSION = YES;
				CLANG_WARN_OBJC_ROOT_CLASS = YES_ERROR;
				CLANG_WARN_UNREACHABLE_CODE = YES;
				CLANG_WARN__DUPLICATE_METHOD_MATCH = YES;
				"CODE_SIGN_IDENTITY[sdk=iphoneos*]" = "iPhone Developer";
				COPY_PHASE_STRIP = NO;
				DEBUG_INFORMATION_FORMAT = "dwarf-with-dsym";
				ENABLE_STRICT_OBJC_MSGSEND = YES;
				GCC_C_LANGUAGE_STANDARD = gnu99;
				GCC_DYNAMIC_NO_PIC = NO;
				GCC_NO_COMMON_BLOCKS = YES;
				GCC_OPTIMIZATION_LEVEL = 0;
				GCC_PREPROCESSOR_DEFINITIONS = (
					"DEBUG=1",
					"$(inherited)",
				);
				GCC_SYMBOLS_PRIVATE_EXTERN = NO;
				GCC_WARN_64_TO_32_BIT_CONVERSION = YES;
				GCC_WARN_ABOUT_RETURN_TYPE = YES_ERROR;
				GCC_WARN_UNDECLARED_SELECTOR = YES;
				GCC_WARN_UNINITIALIZED_AUTOS = YES_AGGRESSIVE;
				GCC_WARN_UNUSED_FUNCTION = YES;
				GCC_WARN_UNUSED_VARIABLE = YES;
				IPHONEOS_DEPLOYMENT_TARGET = 8.4;
				MTL_ENABLE_DEBUG_INFO = YES;
				ONLY_ACTIVE_ARCH = YES;
				SDKROOT = iphoneos;
			};
			name = Debug;
		};
		97A25D571B807907009F0B52 /* Release */ = {
			isa = XCBuildConfiguration;
			buildSettings = {
				ALWAYS_SEARCH_USER_PATHS = NO;
				CLANG_CXX_LANGUAGE_STANDARD = "gnu++0x";
				CLANG_CXX_LIBRARY = "libc++";
				CLANG_ENABLE_MODULES = YES;
				CLANG_ENABLE_OBJC_ARC = YES;
				CLANG_WARN_BOOL_CONVERSION = YES;
				CLANG_WARN_CONSTANT_CONVERSION = YES;
				CLANG_WARN_DIRECT_OBJC_ISA_USAGE = YES_ERROR;
				CLANG_WARN_EMPTY_BODY = YES;
				CLANG_WARN_ENUM_CONVERSION = YES;
				CLANG_WARN_INT_CONVERSION = YES;
				CLANG_WARN_OBJC_ROOT_CLASS = YES_ERROR;
				CLANG_WARN_UNREACHABLE_CODE = YES;
				CLANG_WARN__DUPLICATE_METHOD_MATCH = YES;
				"CODE_SIGN_IDENTITY[sdk=iphoneos*]" = "iPhone Developer";
				COPY_PHASE_STRIP = NO;
				DEBUG_INFORMATION_FORMAT = "dwarf-with-dsym";
				ENABLE_NS_ASSERTIONS = NO;
				ENABLE_STRICT_OBJC_MSGSEND = YES;
				GCC_C_LANGUAGE_STANDARD = gnu99;
				GCC_NO_COMMON_BLOCKS = YES;
				GCC_WARN_64_TO_32_BIT_CONVERSION = YES;
				GCC_WARN_ABOUT_RETURN_TYPE = YES_ERROR;
				GCC_WARN_UNDECLARED_SELECTOR = YES;
				GCC_WARN_UNINITIALIZED_AUTOS = YES_AGGRESSIVE;
				GCC_WARN_UNUSED_FUNCTION = YES;
				GCC_WARN_UNUSED_VARIABLE = YES;
				IPHONEOS_DEPLOYMENT_TARGET = 8.4;
				MTL_ENABLE_DEBUG_INFO = NO;
				SDKROOT = iphoneos;
				VALIDATE_PRODUCT = YES;
			};
			name = Release;
		};
		97A25D591B807907009F0B52 /* Debug */ = {
			isa = XCBuildConfiguration;
			buildSettings = {
				ASSETCATALOG_COMPILER_APPICON_NAME = AppIcon;
				INFOPLIST_FILE = GridStyleWebPhotoBrowser/Info.plist;
				LD_RUNPATH_SEARCH_PATHS = "$(inherited) @executable_path/Frameworks";
				PRODUCT_NAME = "$(TARGET_NAME)";
			};
			name = Debug;
		};
		97A25D5A1B807907009F0B52 /* Release */ = {
			isa = XCBuildConfiguration;
			buildSettings = {
				ASSETCATALOG_COMPILER_APPICON_NAME = AppIcon;
				INFOPLIST_FILE = GridStyleWebPhotoBrowser/Info.plist;
				LD_RUNPATH_SEARCH_PATHS = "$(inherited) @executable_path/Frameworks";
				PRODUCT_NAME = "$(TARGET_NAME)";
			};
			name = Release;
		};
		97A25D5C1B807907009F0B52 /* Debug */ = {
			isa = XCBuildConfiguration;
			buildSettings = {
				BUNDLE_LOADER = "$(TEST_HOST)";
				FRAMEWORK_SEARCH_PATHS = (
					"$(SDKROOT)/Developer/Library/Frameworks",
					"$(inherited)",
				);
				GCC_PREPROCESSOR_DEFINITIONS = (
					"DEBUG=1",
					"$(inherited)",
				);
				INFOPLIST_FILE = GridStyleWebPhotoBrowserTests/Info.plist;
				LD_RUNPATH_SEARCH_PATHS = "$(inherited) @executable_path/Frameworks @loader_path/Frameworks";
				PRODUCT_NAME = "$(TARGET_NAME)";
				TEST_HOST = "$(BUILT_PRODUCTS_DIR)/GridStyleWebPhotoBrowser.app/GridStyleWebPhotoBrowser";
			};
			name = Debug;
		};
		97A25D5D1B807907009F0B52 /* Release */ = {
			isa = XCBuildConfiguration;
			buildSettings = {
				BUNDLE_LOADER = "$(TEST_HOST)";
				FRAMEWORK_SEARCH_PATHS = (
					"$(SDKROOT)/Developer/Library/Frameworks",
					"$(inherited)",
				);
				INFOPLIST_FILE = GridStyleWebPhotoBrowserTests/Info.plist;
				LD_RUNPATH_SEARCH_PATHS = "$(inherited) @executable_path/Frameworks @loader_path/Frameworks";
				PRODUCT_NAME = "$(TARGET_NAME)";
				TEST_HOST = "$(BUILT_PRODUCTS_DIR)/GridStyleWebPhotoBrowser.app/GridStyleWebPhotoBrowser";
			};
			name = Release;
		};
/* End XCBuildConfiguration section */

/* Begin XCConfigurationList section */
		97A25D301B807907009F0B52 /* Build configuration list for PBXProject "GridStyleWebPhotoBrowser" */ = {
			isa = XCConfigurationList;
			buildConfigurations = (
				97A25D561B807907009F0B52 /* Debug */,
				97A25D571B807907009F0B52 /* Release */,
			);
			defaultConfigurationIsVisible = 0;
			defaultConfigurationName = Release;
		};
		97A25D581B807907009F0B52 /* Build configuration list for PBXNativeTarget "GridStyleWebPhotoBrowser" */ = {
			isa = XCConfigurationList;
			buildConfigurations = (
				97A25D591B807907009F0B52 /* Debug */,
				97A25D5A1B807907009F0B52 /* Release */,
			);
			defaultConfigurationIsVisible = 0;
		};
		97A25D5B1B807907009F0B52 /* Build configuration list for PBXNativeTarget "GridStyleWebPhotoBrowserTests" */ = {
			isa = XCConfigurationList;
			buildConfigurations = (
				97A25D5C1B807907009F0B52 /* Debug */,
				97A25D5D1B807907009F0B52 /* Release */,
			);
			defaultConfigurationIsVisible = 0;
		};
/* End XCConfigurationList section */
	};
	rootObject = 97A25D2D1B807907009F0B52 /* Project object */;
}
